// !$*UTF8*$!
{
	archiveVersion = 1;
	classes = {
	};
	objectVersion = 46;
	objects = {

/* Begin PBXBuildFile section */
		1B52A0BD13DD0C5200A35898 /* Cocoa.framework in Frameworks */ = {isa = PBXBuildFile; fileRef = 1B52A0BC13DD0C5200A35898 /* Cocoa.framework */; };
		1B52A0CB13DD0C5200A35898 /* Cocoa.framework in Frameworks */ = {isa = PBXBuildFile; fileRef = 1B52A0BC13DD0C5200A35898 /* Cocoa.framework */; };
		1B52A0CE13DD0C5200A35898 /* NRFlag.dylib in Frameworks */ = {isa = PBXBuildFile; fileRef = 1B52A0B913DD0C5200A35898 /* NRFlag.dylib */; };
		1B52A0D413DD0C5200A35898 /* InfoPlist.strings in Resources */ = {isa = PBXBuildFile; fileRef = 1B52A0D213DD0C5200A35898 /* InfoPlist.strings */; };
		1B52A0D713DD0C5200A35898 /* NRFlagTests.h in Resources */ = {isa = PBXBuildFile; fileRef = 1B52A0D613DD0C5200A35898 /* NRFlagTests.h */; };
		1B52A0D913DD0C5200A35898 /* NRFlagTests.m in Sources */ = {isa = PBXBuildFile; fileRef = 1B52A0D813DD0C5200A35898 /* NRFlagTests.m */; };
		1B52A0F813DD0CE700A35898 /* Argument.h in Headers */ = {isa = PBXBuildFile; fileRef = 1B52A0EE13DD0CE700A35898 /* Argument.h */; };
		1B52A0F913DD0CE700A35898 /* Argument.m in Sources */ = {isa = PBXBuildFile; fileRef = 1B52A0EF13DD0CE700A35898 /* Argument.m */; };
		1B52A0FA13DD0CE700A35898 /* Argument.m in Sources */ = {isa = PBXBuildFile; fileRef = 1B52A0EF13DD0CE700A35898 /* Argument.m */; };
		1B52A0FB13DD0CE700A35898 /* NRFlag.h in Headers */ = {isa = PBXBuildFile; fileRef = 1B52A0F013DD0CE700A35898 /* NRFlag.h */; };
		1B52A0FC13DD0CE700A35898 /* NRFlag.m in Sources */ = {isa = PBXBuildFile; fileRef = 1B52A0F113DD0CE700A35898 /* NRFlag.m */; };
		1B52A0FD13DD0CE700A35898 /* NRFlag.m in Sources */ = {isa = PBXBuildFile; fileRef = 1B52A0F113DD0CE700A35898 /* NRFlag.m */; };
		1B52A0FE13DD0CE700A35898 /* NSArray+charactersFromString.h in Headers */ = {isa = PBXBuildFile; fileRef = 1B52A0F213DD0CE700A35898 /* NSArray+charactersFromString.h */; };
		1B52A0FF13DD0CE700A35898 /* NSArray+charactersFromString.m in Sources */ = {isa = PBXBuildFile; fileRef = 1B52A0F313DD0CE700A35898 /* NSArray+charactersFromString.m */; };
		1B52A10013DD0CE700A35898 /* NSArray+charactersFromString.m in Sources */ = {isa = PBXBuildFile; fileRef = 1B52A0F313DD0CE700A35898 /* NSArray+charactersFromString.m */; };
		1B52A10113DD0CE700A35898 /* Option.h in Headers */ = {isa = PBXBuildFile; fileRef = 1B52A0F413DD0CE700A35898 /* Option.h */; };
		1B52A10213DD0CE700A35898 /* Option.m in Sources */ = {isa = PBXBuildFile; fileRef = 1B52A0F513DD0CE700A35898 /* Option.m */; };
		1B52A10313DD0CE700A35898 /* Option.m in Sources */ = {isa = PBXBuildFile; fileRef = 1B52A0F513DD0CE700A35898 /* Option.m */; };
		1B52A10413DD0CE700A35898 /* Parameter.h in Headers */ = {isa = PBXBuildFile; fileRef = 1B52A0F613DD0CE700A35898 /* Parameter.h */; };
		1B52A10513DD0CE700A35898 /* Parameter.m in Sources */ = {isa = PBXBuildFile; fileRef = 1B52A0F713DD0CE700A35898 /* Parameter.m */; };
		1B52A10613DD0CE700A35898 /* Parameter.m in Sources */ = {isa = PBXBuildFile; fileRef = 1B52A0F713DD0CE700A35898 /* Parameter.m */; };
/* End PBXBuildFile section */

/* Begin PBXContainerItemProxy section */
		1B52A0CC13DD0C5200A35898 /* PBXContainerItemProxy */ = {
			isa = PBXContainerItemProxy;
			containerPortal = 1B52A0B013DD0C5200A35898 /* Project object */;
			proxyType = 1;
			remoteGlobalIDString = 1B52A0B813DD0C5200A35898;
			remoteInfo = NRFlag;
		};
/* End PBXContainerItemProxy section */

/* Begin PBXFileReference section */
		1B52A0B913DD0C5200A35898 /* NRFlag.dylib */ = {isa = PBXFileReference; explicitFileType = "compiled.mach-o.dylib"; includeInIndex = 0; path = NRFlag.dylib; sourceTree = BUILT_PRODUCTS_DIR; };
		1B52A0BC13DD0C5200A35898 /* Cocoa.framework */ = {isa = PBXFileReference; lastKnownFileType = wrapper.framework; name = Cocoa.framework; path = System/Library/Frameworks/Cocoa.framework; sourceTree = SDKROOT; };
		1B52A0BF13DD0C5200A35898 /* AppKit.framework */ = {isa = PBXFileReference; lastKnownFileType = wrapper.framework; name = AppKit.framework; path = System/Library/Frameworks/AppKit.framework; sourceTree = SDKROOT; };
		1B52A0C013DD0C5200A35898 /* CoreData.framework */ = {isa = PBXFileReference; lastKnownFileType = wrapper.framework; name = CoreData.framework; path = System/Library/Frameworks/CoreData.framework; sourceTree = SDKROOT; };
		1B52A0C113DD0C5200A35898 /* Foundation.framework */ = {isa = PBXFileReference; lastKnownFileType = wrapper.framework; name = Foundation.framework; path = System/Library/Frameworks/Foundation.framework; sourceTree = SDKROOT; };
		1B52A0C413DD0C5200A35898 /* NRFlag-Prefix.pch */ = {isa = PBXFileReference; lastKnownFileType = sourcecode.c.h; path = "NRFlag-Prefix.pch"; sourceTree = "<group>"; };
		1B52A0CA13DD0C5200A35898 /* NRFlagTests.octest */ = {isa = PBXFileReference; explicitFileType = wrapper.cfbundle; includeInIndex = 0; path = NRFlagTests.octest; sourceTree = BUILT_PRODUCTS_DIR; };
		1B52A0D113DD0C5200A35898 /* NRFlagTests-Info.plist */ = {isa = PBXFileReference; lastKnownFileType = text.plist.xml; path = "NRFlagTests-Info.plist"; sourceTree = "<group>"; };
		1B52A0D313DD0C5200A35898 /* en */ = {isa = PBXFileReference; lastKnownFileType = text.plist.strings; name = en; path = en.lproj/InfoPlist.strings; sourceTree = "<group>"; };
		1B52A0D513DD0C5200A35898 /* NRFlagTests-Prefix.pch */ = {isa = PBXFileReference; lastKnownFileType = sourcecode.c.h; path = "NRFlagTests-Prefix.pch"; sourceTree = "<group>"; };
		1B52A0D613DD0C5200A35898 /* NRFlagTests.h */ = {isa = PBXFileReference; lastKnownFileType = sourcecode.c.h; path = NRFlagTests.h; sourceTree = "<group>"; };
		1B52A0D813DD0C5200A35898 /* NRFlagTests.m */ = {isa = PBXFileReference; lastKnownFileType = sourcecode.c.objc; path = NRFlagTests.m; sourceTree = "<group>"; };
		1B52A0EE13DD0CE700A35898 /* Argument.h */ = {isa = PBXFileReference; fileEncoding = 4; lastKnownFileType = sourcecode.c.h; path = Argument.h; sourceTree = "<group>"; };
		1B52A0EF13DD0CE700A35898 /* Argument.m */ = {isa = PBXFileReference; fileEncoding = 4; lastKnownFileType = sourcecode.c.objc; path = Argument.m; sourceTree = "<group>"; };
		1B52A0F013DD0CE700A35898 /* NRFlag.h */ = {isa = PBXFileReference; fileEncoding = 4; lastKnownFileType = sourcecode.c.h; path = NRFlag.h; sourceTree = "<group>"; };
		1B52A0F113DD0CE700A35898 /* NRFlag.m */ = {isa = PBXFileReference; fileEncoding = 4; lastKnownFileType = sourcecode.c.objc; path = NRFlag.m; sourceTree = "<group>"; };
		1B52A0F213DD0CE700A35898 /* NSArray+charactersFromString.h */ = {isa = PBXFileReference; fileEncoding = 4; lastKnownFileType = sourcecode.c.h; path = "NSArray+charactersFromString.h"; sourceTree = "<group>"; };
		1B52A0F313DD0CE700A35898 /* NSArray+charactersFromString.m */ = {isa = PBXFileReference; fileEncoding = 4; lastKnownFileType = sourcecode.c.objc; path = "NSArray+charactersFromString.m"; sourceTree = "<group>"; };
		1B52A0F413DD0CE700A35898 /* Option.h */ = {isa = PBXFileReference; fileEncoding = 4; lastKnownFileType = sourcecode.c.h; path = Option.h; sourceTree = "<group>"; };
		1B52A0F513DD0CE700A35898 /* Option.m */ = {isa = PBXFileReference; fileEncoding = 4; lastKnownFileType = sourcecode.c.objc; path = Option.m; sourceTree = "<group>"; };
		1B52A0F613DD0CE700A35898 /* Parameter.h */ = {isa = PBXFileReference; fileEncoding = 4; lastKnownFileType = sourcecode.c.h; path = Parameter.h; sourceTree = "<group>"; };
		1B52A0F713DD0CE700A35898 /* Parameter.m */ = {isa = PBXFileReference; fileEncoding = 4; lastKnownFileType = sourcecode.c.objc; path = Parameter.m; sourceTree = "<group>"; };
/* End PBXFileReference section */

/* Begin PBXFrameworksBuildPhase section */
		1B52A0B613DD0C5200A35898 /* Frameworks */ = {
			isa = PBXFrameworksBuildPhase;
			buildActionMask = 2147483647;
			files = (
				1B52A0BD13DD0C5200A35898 /* Cocoa.framework in Frameworks */,
			);
			runOnlyForDeploymentPostprocessing = 0;
		};
		1B52A0C613DD0C5200A35898 /* Frameworks */ = {
			isa = PBXFrameworksBuildPhase;
			buildActionMask = 2147483647;
			files = (
				1B52A0CB13DD0C5200A35898 /* Cocoa.framework in Frameworks */,
				1B52A0CE13DD0C5200A35898 /* NRFlag.dylib in Frameworks */,
			);
			runOnlyForDeploymentPostprocessing = 0;
		};
/* End PBXFrameworksBuildPhase section */

/* Begin PBXGroup section */
		1B52A0AE13DD0C5200A35898 = {
			isa = PBXGroup;
			children = (
				1B52A0C213DD0C5200A35898 /* NRFlag */,
				1B52A0CF13DD0C5200A35898 /* NRFlagTests */,
				1B52A0BB13DD0C5200A35898 /* Frameworks */,
				1B52A0BA13DD0C5200A35898 /* Products */,
			);
			sourceTree = "<group>";
		};
		1B52A0BA13DD0C5200A35898 /* Products */ = {
			isa = PBXGroup;
			children = (
				1B52A0B913DD0C5200A35898 /* NRFlag.dylib */,
				1B52A0CA13DD0C5200A35898 /* NRFlagTests.octest */,
			);
			name = Products;
			sourceTree = "<group>";
		};
		1B52A0BB13DD0C5200A35898 /* Frameworks */ = {
			isa = PBXGroup;
			children = (
				1B52A0BC13DD0C5200A35898 /* Cocoa.framework */,
				1B52A0BE13DD0C5200A35898 /* Other Frameworks */,
			);
			name = Frameworks;
			sourceTree = "<group>";
		};
		1B52A0BE13DD0C5200A35898 /* Other Frameworks */ = {
			isa = PBXGroup;
			children = (
				1B52A0BF13DD0C5200A35898 /* AppKit.framework */,
				1B52A0C013DD0C5200A35898 /* CoreData.framework */,
				1B52A0C113DD0C5200A35898 /* Foundation.framework */,
			);
			name = "Other Frameworks";
			sourceTree = "<group>";
		};
		1B52A0C213DD0C5200A35898 /* NRFlag */ = {
			isa = PBXGroup;
			children = (
				1B52A0EE13DD0CE700A35898 /* Argument.h */,
				1B52A0EF13DD0CE700A35898 /* Argument.m */,
				1B52A0F013DD0CE700A35898 /* NRFlag.h */,
				1B52A0F113DD0CE700A35898 /* NRFlag.m */,
				1B52A0F213DD0CE700A35898 /* NSArray+charactersFromString.h */,
				1B52A0F313DD0CE700A35898 /* NSArray+charactersFromString.m */,
				1B52A0F413DD0CE700A35898 /* Option.h */,
				1B52A0F513DD0CE700A35898 /* Option.m */,
				1B52A0F613DD0CE700A35898 /* Parameter.h */,
				1B52A0F713DD0CE700A35898 /* Parameter.m */,
				1B52A0C313DD0C5200A35898 /* Supporting Files */,
			);
			path = NRFlag;
			sourceTree = "<group>";
		};
		1B52A0C313DD0C5200A35898 /* Supporting Files */ = {
			isa = PBXGroup;
			children = (
				1B52A0C413DD0C5200A35898 /* NRFlag-Prefix.pch */,
			);
			name = "Supporting Files";
			sourceTree = "<group>";
		};
		1B52A0CF13DD0C5200A35898 /* NRFlagTests */ = {
			isa = PBXGroup;
			children = (
				1B52A0D613DD0C5200A35898 /* NRFlagTests.h */,
				1B52A0D813DD0C5200A35898 /* NRFlagTests.m */,
				1B52A0D013DD0C5200A35898 /* Supporting Files */,
			);
			path = NRFlagTests;
			sourceTree = "<group>";
		};
		1B52A0D013DD0C5200A35898 /* Supporting Files */ = {
			isa = PBXGroup;
			children = (
				1B52A0D113DD0C5200A35898 /* NRFlagTests-Info.plist */,
				1B52A0D213DD0C5200A35898 /* InfoPlist.strings */,
				1B52A0D513DD0C5200A35898 /* NRFlagTests-Prefix.pch */,
			);
			name = "Supporting Files";
			sourceTree = "<group>";
		};
/* End PBXGroup section */

/* Begin PBXHeadersBuildPhase section */
		1B52A0B713DD0C5200A35898 /* Headers */ = {
			isa = PBXHeadersBuildPhase;
			buildActionMask = 2147483647;
			files = (
				1B52A0F813DD0CE700A35898 /* Argument.h in Headers */,
				1B52A0FB13DD0CE700A35898 /* NRFlag.h in Headers */,
				1B52A0FE13DD0CE700A35898 /* NSArray+charactersFromString.h in Headers */,
				1B52A10113DD0CE700A35898 /* Option.h in Headers */,
				1B52A10413DD0CE700A35898 /* Parameter.h in Headers */,
			);
			runOnlyForDeploymentPostprocessing = 0;
		};
/* End PBXHeadersBuildPhase section */

/* Begin PBXNativeTarget section */
		1B52A0B813DD0C5200A35898 /* NRFlag */ = {
			isa = PBXNativeTarget;
			buildConfigurationList = 1B52A0DC13DD0C5200A35898 /* Build configuration list for PBXNativeTarget "NRFlag" */;
			buildPhases = (
				1B52A0B513DD0C5200A35898 /* Sources */,
				1B52A0B613DD0C5200A35898 /* Frameworks */,
				1B52A0B713DD0C5200A35898 /* Headers */,
			);
			buildRules = (
			);
			dependencies = (
			);
			name = NRFlag;
			productName = NRFlag;
			productReference = 1B52A0B913DD0C5200A35898 /* NRFlag.dylib */;
			productType = "com.apple.product-type.library.dynamic";
		};
		1B52A0C913DD0C5200A35898 /* NRFlagTests */ = {
			isa = PBXNativeTarget;
			buildConfigurationList = 1B52A0DF13DD0C5200A35898 /* Build configuration list for PBXNativeTarget "NRFlagTests" */;
			buildPhases = (
				1B52A0C513DD0C5200A35898 /* Sources */,
				1B52A0C613DD0C5200A35898 /* Frameworks */,
				1B52A0C713DD0C5200A35898 /* Resources */,
				1B52A0C813DD0C5200A35898 /* ShellScript */,
			);
			buildRules = (
			);
			dependencies = (
				1B52A0CD13DD0C5200A35898 /* PBXTargetDependency */,
			);
			name = NRFlagTests;
			productName = NRFlagTests;
			productReference = 1B52A0CA13DD0C5200A35898 /* NRFlagTests.octest */;
			productType = "com.apple.product-type.bundle";
		};
/* End PBXNativeTarget section */

/* Begin PBXProject section */
		1B52A0B013DD0C5200A35898 /* Project object */ = {
			isa = PBXProject;
			attributes = {
				ORGANIZATIONNAME = nicerobot.org;
			};
			buildConfigurationList = 1B52A0B313DD0C5200A35898 /* Build configuration list for PBXProject "NRFlag" */;
			compatibilityVersion = "Xcode 3.2";
			developmentRegion = English;
			hasScannedForEncodings = 0;
			knownRegions = (
				en,
			);
			mainGroup = 1B52A0AE13DD0C5200A35898;
			productRefGroup = 1B52A0BA13DD0C5200A35898 /* Products */;
			projectDirPath = "";
			projectRoot = "";
			targets = (
				1B52A0B813DD0C5200A35898 /* NRFlag */,
				1B52A0C913DD0C5200A35898 /* NRFlagTests */,
			);
		};
/* End PBXProject section */

/* Begin PBXResourcesBuildPhase section */
		1B52A0C713DD0C5200A35898 /* Resources */ = {
			isa = PBXResourcesBuildPhase;
			buildActionMask = 2147483647;
			files = (
				1B52A0D413DD0C5200A35898 /* InfoPlist.strings in Resources */,
				1B52A0D713DD0C5200A35898 /* NRFlagTests.h in Resources */,
			);
			runOnlyForDeploymentPostprocessing = 0;
		};
/* End PBXResourcesBuildPhase section */

/* Begin PBXShellScriptBuildPhase section */
		1B52A0C813DD0C5200A35898 /* ShellScript */ = {
			isa = PBXShellScriptBuildPhase;
			buildActionMask = 2147483647;
			files = (
			);
			inputPaths = (
			);
			outputPaths = (
			);
			runOnlyForDeploymentPostprocessing = 0;
			shellPath = /bin/sh;
			shellScript = "# Run the unit tests in this test bundle.\n\"${SYSTEM_DEVELOPER_DIR}/Tools/RunUnitTests\"\n";
		};
/* End PBXShellScriptBuildPhase section */

/* Begin PBXSourcesBuildPhase section */
		1B52A0B513DD0C5200A35898 /* Sources */ = {
			isa = PBXSourcesBuildPhase;
			buildActionMask = 2147483647;
			files = (
				1B52A0F913DD0CE700A35898 /* Argument.m in Sources */,
				1B52A0FC13DD0CE700A35898 /* NRFlag.m in Sources */,
				1B52A0FF13DD0CE700A35898 /* NSArray+charactersFromString.m in Sources */,
				1B52A10213DD0CE700A35898 /* Option.m in Sources */,
				1B52A10513DD0CE700A35898 /* Parameter.m in Sources */,
			);
			runOnlyForDeploymentPostprocessing = 0;
		};
		1B52A0C513DD0C5200A35898 /* Sources */ = {
			isa = PBXSourcesBuildPhase;
			buildActionMask = 2147483647;
			files = (
				1B52A0D913DD0C5200A35898 /* NRFlagTests.m in Sources */,
				1B52A0FA13DD0CE700A35898 /* Argument.m in Sources */,
				1B52A0FD13DD0CE700A35898 /* NRFlag.m in Sources */,
				1B52A10013DD0CE700A35898 /* NSArray+charactersFromString.m in Sources */,
				1B52A10313DD0CE700A35898 /* Option.m in Sources */,
				1B52A10613DD0CE700A35898 /* Parameter.m in Sources */,
			);
			runOnlyForDeploymentPostprocessing = 0;
		};
/* End PBXSourcesBuildPhase section */

/* Begin PBXTargetDependency section */
		1B52A0CD13DD0C5200A35898 /* PBXTargetDependency */ = {
			isa = PBXTargetDependency;
			target = 1B52A0B813DD0C5200A35898 /* NRFlag */;
			targetProxy = 1B52A0CC13DD0C5200A35898 /* PBXContainerItemProxy */;
		};
/* End PBXTargetDependency section */

/* Begin PBXVariantGroup section */
		1B52A0D213DD0C5200A35898 /* InfoPlist.strings */ = {
			isa = PBXVariantGroup;
			children = (
				1B52A0D313DD0C5200A35898 /* en */,
			);
			name = InfoPlist.strings;
			sourceTree = "<group>";
		};
/* End PBXVariantGroup section */

/* Begin XCBuildConfiguration section */
		1B52A0DA13DD0C5200A35898 /* Debug */ = {
			isa = XCBuildConfiguration;
			buildSettings = {
				ARCHS = "$(ARCHS_STANDARD_32_64_BIT)";
				GCC_C_LANGUAGE_STANDARD = gnu99;
				GCC_OPTIMIZATION_LEVEL = 0;
				GCC_PREPROCESSOR_DEFINITIONS = DEBUG;
				GCC_SYMBOLS_PRIVATE_EXTERN = NO;
				GCC_VERSION = com.apple.compilers.llvm.clang.1_0;
				GCC_WARN_64_TO_32_BIT_CONVERSION = YES;
				GCC_WARN_ABOUT_RETURN_TYPE = YES;
				GCC_WARN_UNUSED_VARIABLE = YES;
				MACOSX_DEPLOYMENT_TARGET = 10.6;
				ONLY_ACTIVE_ARCH = YES;
				SDKROOT = macosx;
			};
			name = Debug;
		};
		1B52A0DB13DD0C5200A35898 /* Release */ = {
			isa = XCBuildConfiguration;
			buildSettings = {
				ARCHS = "$(ARCHS_STANDARD_32_64_BIT)";
				GCC_C_LANGUAGE_STANDARD = gnu99;
				GCC_VERSION = com.apple.compilers.llvm.clang.1_0;
				GCC_WARN_64_TO_32_BIT_CONVERSION = YES;
				GCC_WARN_ABOUT_RETURN_TYPE = YES;
				GCC_WARN_UNUSED_VARIABLE = YES;
				MACOSX_DEPLOYMENT_TARGET = 10.6;
				SDKROOT = macosx;
			};
			name = Release;
		};
		1B52A0DD13DD0C5200A35898 /* Debug */ = {
			isa = XCBuildConfiguration;
			buildSettings = {
				ALWAYS_SEARCH_USER_PATHS = NO;
				COPY_PHASE_STRIP = NO;
				DYLIB_COMPATIBILITY_VERSION = 1;
				DYLIB_CURRENT_VERSION = 1;
				GCC_DYNAMIC_NO_PIC = NO;
				GCC_ENABLE_OBJC_EXCEPTIONS = YES;
				GCC_PRECOMPILE_PREFIX_HEADER = YES;
				GCC_PREFIX_HEADER = "NRFlag/NRFlag-Prefix.pch";
				PRODUCT_NAME = "$(TARGET_NAME)";
			};
			name = Debug;
		};
		1B52A0DE13DD0C5200A35898 /* Release */ = {
			isa = XCBuildConfiguration;
			buildSettings = {
				ALWAYS_SEARCH_USER_PATHS = NO;
				COPY_PHASE_STRIP = YES;
				DEBUG_INFORMATION_FORMAT = "dwarf-with-dsym";
				DYLIB_COMPATIBILITY_VERSION = 1;
				DYLIB_CURRENT_VERSION = 1;
				GCC_ENABLE_OBJC_EXCEPTIONS = YES;
				GCC_PRECOMPILE_PREFIX_HEADER = YES;
				GCC_PREFIX_HEADER = "NRFlag/NRFlag-Prefix.pch";
				PRODUCT_NAME = "$(TARGET_NAME)";
			};
			name = Release;
		};
		1B52A0E013DD0C5200A35898 /* Debug */ = {
			isa = XCBuildConfiguration;
			buildSettings = {
				ALWAYS_SEARCH_USER_PATHS = NO;
				COPY_PHASE_STRIP = NO;
				FRAMEWORK_SEARCH_PATHS = "$(DEVELOPER_LIBRARY_DIR)/Frameworks";
				GCC_DYNAMIC_NO_PIC = NO;
				GCC_ENABLE_OBJC_EXCEPTIONS = YES;
				GCC_PRECOMPILE_PREFIX_HEADER = YES;
				GCC_PREFIX_HEADER = "NRFlagTests/NRFlagTests-Prefix.pch";
				INFOPLIST_FILE = "NRFlagTests/NRFlagTests-Info.plist";
				OTHER_LDFLAGS = (
					"-framework",
					SenTestingKit,
				);
				PRODUCT_NAME = "$(TARGET_NAME)";
				WRAPPER_EXTENSION = octest;
			};
			name = Debug;
		};
		1B52A0E113DD0C5200A35898 /* Release */ = {
			isa = XCBuildConfiguration;
			buildSettings = {
				ALWAYS_SEARCH_USER_PATHS = NO;
				COPY_PHASE_STRIP = YES;
				DEBUG_INFORMATION_FORMAT = "dwarf-with-dsym";
				FRAMEWORK_SEARCH_PATHS = "$(DEVELOPER_LIBRARY_DIR)/Frameworks";
				GCC_ENABLE_OBJC_EXCEPTIONS = YES;
				GCC_PRECOMPILE_PREFIX_HEADER = YES;
				GCC_PREFIX_HEADER = "NRFlagTests/NRFlagTests-Prefix.pch";
				INFOPLIST_FILE = "NRFlagTests/NRFlagTests-Info.plist";
				OTHER_LDFLAGS = (
					"-framework",
					SenTestingKit,
				);
				PRODUCT_NAME = "$(TARGET_NAME)";
				WRAPPER_EXTENSION = octest;
			};
			name = Release;
		};
/* End XCBuildConfiguration section */

/* Begin XCConfigurationList section */
		1B52A0B313DD0C5200A35898 /* Build configuration list for PBXProject "NRFlag" */ = {
			isa = XCConfigurationList;
			buildConfigurations = (
				1B52A0DA13DD0C5200A35898 /* Debug */,
				1B52A0DB13DD0C5200A35898 /* Release */,
			);
			defaultConfigurationIsVisible = 0;
			defaultConfigurationName = Release;
		};
		1B52A0DC13DD0C5200A35898 /* Build configuration list for PBXNativeTarget "NRFlag" */ = {
			isa = XCConfigurationList;
			buildConfigurations = (
				1B52A0DD13DD0C5200A35898 /* Debug */,
				1B52A0DE13DD0C5200A35898 /* Release */,
			);
			defaultConfigurationIsVisible = 0;
			defaultConfigurationName = Release;
		};
		1B52A0DF13DD0C5200A35898 /* Build configuration list for PBXNativeTarget "NRFlagTests" */ = {
			isa = XCConfigurationList;
			buildConfigurations = (
				1B52A0E013DD0C5200A35898 /* Debug */,
				1B52A0E113DD0C5200A35898 /* Release */,
			);
			defaultConfigurationIsVisible = 0;
			defaultConfigurationName = Release;
		};
/* End XCConfigurationList section */
	};
	rootObject = 1B52A0B013DD0C5200A35898 /* Project object */;
}
